
Microsoft Visual Studio Solution File, Format Version 12.00
# Visual Studio Version 16
VisualStudioVersion = 16.0.31019.35
MinimumVisualStudioVersion = 10.0.40219.1
Project("{FAE04EC0-301F-11D3-BF4B-00C04F79EFBC}") = "Factory", "Factory\Factory.csproj", "{183BF5AD-3965-4775-89AB-A82AB06210B3}"
EndProject
Global
	GlobalSection(SolutionConfigurationPlatforms) = preSolution
		Debug|Any CPU = Debug|Any CPU
		Release|Any CPU = Release|Any CPU
	EndGlobalSection
	GlobalSection(ProjectConfigurationPlatforms) = postSolution
		{183BF5AD-3965-4775-89AB-A82AB06210B3}.Debug|Any CPU.ActiveCfg = Debug|Any CPU
		{183BF5AD-3965-4775-89AB-A82AB06210B3}.Debug|Any CPU.Build.0 = Debug|Any CPU
		{183BF5AD-3965-4775-89AB-A82AB06210B3}.Release|Any CPU.ActiveCfg = Release|Any CPU
		{183BF5AD-3965-4775-89AB-A82AB06210B3}.Release|Any CPU.Build.0 = Release|Any CPU
	EndGlobalSection
	GlobalSection(SolutionProperties) = preSolution
		HideSolutionNode = FALSE
	EndGlobalSection
	GlobalSection(ExtensibilityGlobals) = postSolution
		SolutionGuid = {A411CF3F-9E84-44B4-9588-DDFE38645BFD}
	EndGlobalSection
EndGlobal
